// !$*UTF8*$!
{
	archiveVersion = 1;
	classes = {
	};
	objectVersion = 50;
	objects = {

/* Begin PBXBuildFile section */
		B0D30AD5216D5B2500444765 /* AppDelegate.m in Sources */ = {isa = PBXBuildFile; fileRef = B0D30AD4216D5B2500444765 /* AppDelegate.m */; };
		B0D30AD8216D5B2500444765 /* ViewController.m in Sources */ = {isa = PBXBuildFile; fileRef = B0D30AD7216D5B2500444765 /* ViewController.m */; };
		B0D30ADB216D5B2500444765 /* Main.storyboard in Resources */ = {isa = PBXBuildFile; fileRef = B0D30AD9216D5B2500444765 /* Main.storyboard */; };
		B0D30ADD216D5B2700444765 /* MobileAssets.xcassets in Resources */ = {isa = PBXBuildFile; fileRef = B0D30ADC216D5B2700444765 /* MobileAssets.xcassets */; };
		B0D30AE0216D5B2700444765 /* LaunchScreen.storyboard in Resources */ = {isa = PBXBuildFile; fileRef = B0D30ADE216D5B2700444765 /* LaunchScreen.storyboard */; };
		B0D30AE3216D5B2700444765 /* main.m in Sources */ = {isa = PBXBuildFile; fileRef = B0D30AE2216D5B2700444765 /* main.m */; };
		B0D30AE7216D5B2700444765 /* SpriteKitWatchFace WatchKit App.app in Embed Watch Content */ = {isa = PBXBuildFile; fileRef = B0D30AE6216D5B2700444765 /* SpriteKitWatchFace WatchKit App.app */; };
		B0D30AED216D5B2700444765 /* Interface.storyboard in Resources */ = {isa = PBXBuildFile; fileRef = B0D30AEB216D5B2700444765 /* Interface.storyboard */; };
		B0D30AEF216D5B2700444765 /* NanoIconAssets.xcassets in Resources */ = {isa = PBXBuildFile; fileRef = B0D30AEE216D5B2700444765 /* NanoIconAssets.xcassets */; };
		B0D30AF6216D5B2700444765 /* SpriteKitWatchFace WatchKit Extension.appex in Embed App Extensions */ = {isa = PBXBuildFile; fileRef = B0D30AF5216D5B2700444765 /* SpriteKitWatchFace WatchKit Extension.appex */; settings = {ATTRIBUTES = (RemoveHeadersOnCopy, ); }; };
		B0D30AFC216D5B2700444765 /* InterfaceController.m in Sources */ = {isa = PBXBuildFile; fileRef = B0D30AFB216D5B2700444765 /* InterfaceController.m */; };
		B0D30AFF216D5B2700444765 /* ExtensionDelegate.m in Sources */ = {isa = PBXBuildFile; fileRef = B0D30AFE216D5B2700444765 /* ExtensionDelegate.m */; };
		B0D30B01216D5B2800444765 /* NanoAssets.xcassets in Resources */ = {isa = PBXBuildFile; fileRef = B0D30B00216D5B2800444765 /* NanoAssets.xcassets */; };
		B0D30B14216D5C6A00444765 /* FaceScene.sks in Resources */ = {isa = PBXBuildFile; fileRef = B0D30B13216D5C6A00444765 /* FaceScene.sks */; };
		B0D4F2B72172164B00F497E0 /* FaceWindow.m in Sources */ = {isa = PBXBuildFile; fileRef = B0D4F2B62172164B00F497E0 /* FaceWindow.m */; };
		B0DEB03C2172C64E0087FA94 /* FaceScene.m in Sources */ = {isa = PBXBuildFile; fileRef = B0EB7306216E6C380098CF27 /* FaceScene.m */; };
		B0DEB03D2172C6E00087FA94 /* FaceScene.sks in Resources */ = {isa = PBXBuildFile; fileRef = B0D30B13216D5C6A00444765 /* FaceScene.sks */; };
		B0DEB03E2172C6E50087FA94 /* NanoAssets.xcassets in Resources */ = {isa = PBXBuildFile; fileRef = B0D30B00216D5B2800444765 /* NanoAssets.xcassets */; };
		B0EB72EC216E69AA0098CF27 /* AppDelegate.m in Sources */ = {isa = PBXBuildFile; fileRef = B0EB72EB216E69AA0098CF27 /* AppDelegate.m */; };
		B0EB72F6216E69AA0098CF27 /* ViewController.m in Sources */ = {isa = PBXBuildFile; fileRef = B0EB72F5216E69AA0098CF27 /* ViewController.m */; };
		B0EB72F8216E69AB0098CF27 /* DesktopAssets.xcassets in Resources */ = {isa = PBXBuildFile; fileRef = B0EB72F7216E69AB0098CF27 /* DesktopAssets.xcassets */; };
		B0EB72FB216E69AB0098CF27 /* Main.storyboard in Resources */ = {isa = PBXBuildFile; fileRef = B0EB72F9216E69AB0098CF27 /* Main.storyboard */; };
		B0EB72FE216E69AB0098CF27 /* main.m in Sources */ = {isa = PBXBuildFile; fileRef = B0EB72FD216E69AB0098CF27 /* main.m */; };
		B0EB7303216E69C00098CF27 /* FaceScene.sks in Resources */ = {isa = PBXBuildFile; fileRef = B0D30B13216D5C6A00444765 /* FaceScene.sks */; };
		B0EB7304216E69C40098CF27 /* NanoAssets.xcassets in Resources */ = {isa = PBXBuildFile; fileRef = B0D30B00216D5B2800444765 /* NanoAssets.xcassets */; };
		B0EB7307216E6C380098CF27 /* FaceScene.m in Sources */ = {isa = PBXBuildFile; fileRef = B0EB7306216E6C380098CF27 /* FaceScene.m */; };
		B0EB7308216E6C380098CF27 /* FaceScene.m in Sources */ = {isa = PBXBuildFile; fileRef = B0EB7306216E6C380098CF27 /* FaceScene.m */; };
		B0F66DD72173727500058F22 /* InfoPlist.strings in Resources */ = {isa = PBXBuildFile; fileRef = B0F66DDB2173727500058F22 /* InfoPlist.strings */; };
		B0F66DD82173727500058F22 /* InfoPlist.strings in Resources */ = {isa = PBXBuildFile; fileRef = B0F66DDB2173727500058F22 /* InfoPlist.strings */; };
		B0F66DD92173727500058F22 /* InfoPlist.strings in Resources */ = {isa = PBXBuildFile; fileRef = B0F66DDB2173727500058F22 /* InfoPlist.strings */; };
/* End PBXBuildFile section */

/* Begin PBXContainerItemProxy section */
		B0D30AE8216D5B2700444765 /* PBXContainerItemProxy */ = {
			isa = PBXContainerItemProxy;
			containerPortal = B0D30AC8216D5B2500444765 /* Project object */;
			proxyType = 1;
			remoteGlobalIDString = B0D30AE5216D5B2700444765;
			remoteInfo = "SpriteKitWatchFace WatchKit App";
		};
		B0D30AF7216D5B2700444765 /* PBXContainerItemProxy */ = {
			isa = PBXContainerItemProxy;
			containerPortal = B0D30AC8216D5B2500444765 /* Project object */;
			proxyType = 1;
			remoteGlobalIDString = B0D30AF4216D5B2700444765;
			remoteInfo = "SpriteKitWatchFace WatchKit Extension";
		};
/* End PBXContainerItemProxy section */

/* Begin PBXCopyFilesBuildPhase section */
		B0D30B08216D5B2800444765 /* Embed App Extensions */ = {
			isa = PBXCopyFilesBuildPhase;
			buildActionMask = 2147483647;
			dstPath = "";
			dstSubfolderSpec = 13;
			files = (
				B0D30AF6216D5B2700444765 /* SpriteKitWatchFace WatchKit Extension.appex in Embed App Extensions */,
			);
			name = "Embed App Extensions";
			runOnlyForDeploymentPostprocessing = 0;
		};
		B0D30B0C216D5B2800444765 /* Embed Watch Content */ = {
			isa = PBXCopyFilesBuildPhase;
			buildActionMask = 2147483647;
			dstPath = "$(CONTENTS_FOLDER_PATH)/Watch";
			dstSubfolderSpec = 16;
			files = (
				B0D30AE7216D5B2700444765 /* SpriteKitWatchFace WatchKit App.app in Embed Watch Content */,
			);
			name = "Embed Watch Content";
			runOnlyForDeploymentPostprocessing = 0;
		};
/* End PBXCopyFilesBuildPhase section */

/* Begin PBXFileReference section */
		B0D30AD0216D5B2500444765 /* SpriteKitWatchFace.app */ = {isa = PBXFileReference; explicitFileType = wrapper.application; includeInIndex = 0; path = SpriteKitWatchFace.app; sourceTree = BUILT_PRODUCTS_DIR; };
		B0D30AD3216D5B2500444765 /* AppDelegate.h */ = {isa = PBXFileReference; lastKnownFileType = sourcecode.c.h; path = AppDelegate.h; sourceTree = "<group>"; };
		B0D30AD4216D5B2500444765 /* AppDelegate.m */ = {isa = PBXFileReference; lastKnownFileType = sourcecode.c.objc; path = AppDelegate.m; sourceTree = "<group>"; };
		B0D30AD6216D5B2500444765 /* ViewController.h */ = {isa = PBXFileReference; lastKnownFileType = sourcecode.c.h; path = ViewController.h; sourceTree = "<group>"; };
		B0D30AD7216D5B2500444765 /* ViewController.m */ = {isa = PBXFileReference; lastKnownFileType = sourcecode.c.objc; path = ViewController.m; sourceTree = "<group>"; };
		B0D30ADA216D5B2500444765 /* Base */ = {isa = PBXFileReference; lastKnownFileType = file.storyboard; name = Base; path = Base.lproj/Main.storyboard; sourceTree = "<group>"; };
		B0D30ADC216D5B2700444765 /* MobileAssets.xcassets */ = {isa = PBXFileReference; lastKnownFileType = folder.assetcatalog; path = MobileAssets.xcassets; sourceTree = "<group>"; };
		B0D30ADF216D5B2700444765 /* Base */ = {isa = PBXFileReference; lastKnownFileType = file.storyboard; name = Base; path = Base.lproj/LaunchScreen.storyboard; sourceTree = "<group>"; };
		B0D30AE1216D5B2700444765 /* Info.plist */ = {isa = PBXFileReference; lastKnownFileType = text.plist.xml; path = Info.plist; sourceTree = "<group>"; };
		B0D30AE2216D5B2700444765 /* main.m */ = {isa = PBXFileReference; lastKnownFileType = sourcecode.c.objc; path = main.m; sourceTree = "<group>"; };
		B0D30AE6216D5B2700444765 /* SpriteKitWatchFace WatchKit App.app */ = {isa = PBXFileReference; explicitFileType = wrapper.application; includeInIndex = 0; path = "SpriteKitWatchFace WatchKit App.app"; sourceTree = BUILT_PRODUCTS_DIR; };
		B0D30AEC216D5B2700444765 /* Base */ = {isa = PBXFileReference; lastKnownFileType = file.storyboard; name = Base; path = Base.lproj/Interface.storyboard; sourceTree = "<group>"; };
		B0D30AEE216D5B2700444765 /* NanoIconAssets.xcassets */ = {isa = PBXFileReference; lastKnownFileType = folder.assetcatalog; path = NanoIconAssets.xcassets; sourceTree = "<group>"; };
		B0D30AF0216D5B2700444765 /* Info.plist */ = {isa = PBXFileReference; lastKnownFileType = text.plist.xml; path = Info.plist; sourceTree = "<group>"; };
		B0D30AF5216D5B2700444765 /* SpriteKitWatchFace WatchKit Extension.appex */ = {isa = PBXFileReference; explicitFileType = "wrapper.app-extension"; includeInIndex = 0; path = "SpriteKitWatchFace WatchKit Extension.appex"; sourceTree = BUILT_PRODUCTS_DIR; };
		B0D30AFA216D5B2700444765 /* InterfaceController.h */ = {isa = PBXFileReference; lastKnownFileType = sourcecode.c.h; path = InterfaceController.h; sourceTree = "<group>"; };
		B0D30AFB216D5B2700444765 /* InterfaceController.m */ = {isa = PBXFileReference; lastKnownFileType = sourcecode.c.objc; path = InterfaceController.m; sourceTree = "<group>"; };
		B0D30AFD216D5B2700444765 /* ExtensionDelegate.h */ = {isa = PBXFileReference; lastKnownFileType = sourcecode.c.h; path = ExtensionDelegate.h; sourceTree = "<group>"; };
		B0D30AFE216D5B2700444765 /* ExtensionDelegate.m */ = {isa = PBXFileReference; lastKnownFileType = sourcecode.c.objc; path = ExtensionDelegate.m; sourceTree = "<group>"; };
		B0D30B00216D5B2800444765 /* NanoAssets.xcassets */ = {isa = PBXFileReference; lastKnownFileType = folder.assetcatalog; path = NanoAssets.xcassets; sourceTree = "<group>"; };
		B0D30B02216D5B2800444765 /* Info.plist */ = {isa = PBXFileReference; lastKnownFileType = text.plist.xml; path = Info.plist; sourceTree = "<group>"; };
		B0D30B13216D5C6A00444765 /* FaceScene.sks */ = {isa = PBXFileReference; lastKnownFileType = file.sks; path = FaceScene.sks; sourceTree = "<group>"; };
		B0D4F2B52172164B00F497E0 /* FaceWindow.h */ = {isa = PBXFileReference; lastKnownFileType = sourcecode.c.h; path = FaceWindow.h; sourceTree = "<group>"; };
		B0D4F2B62172164B00F497E0 /* FaceWindow.m */ = {isa = PBXFileReference; lastKnownFileType = sourcecode.c.objc; path = FaceWindow.m; sourceTree = "<group>"; };
		B0EB72E3216E3C350098CF27 /* README.md */ = {isa = PBXFileReference; lastKnownFileType = net.daringfireball.markdown; path = README.md; sourceTree = "<group>"; };
		B0EB72E8216E69AA0098CF27 /* DesktopShim.app */ = {isa = PBXFileReference; explicitFileType = wrapper.application; includeInIndex = 0; path = DesktopShim.app; sourceTree = BUILT_PRODUCTS_DIR; };
		B0EB72EA216E69AA0098CF27 /* AppDelegate.h */ = {isa = PBXFileReference; lastKnownFileType = sourcecode.c.h; path = AppDelegate.h; sourceTree = "<group>"; };
		B0EB72EB216E69AA0098CF27 /* AppDelegate.m */ = {isa = PBXFileReference; lastKnownFileType = sourcecode.c.objc; path = AppDelegate.m; sourceTree = "<group>"; };
		B0EB72F4216E69AA0098CF27 /* ViewController.h */ = {isa = PBXFileReference; lastKnownFileType = sourcecode.c.h; path = ViewController.h; sourceTree = "<group>"; };
		B0EB72F5216E69AA0098CF27 /* ViewController.m */ = {isa = PBXFileReference; lastKnownFileType = sourcecode.c.objc; path = ViewController.m; sourceTree = "<group>"; };
		B0EB72F7216E69AB0098CF27 /* DesktopAssets.xcassets */ = {isa = PBXFileReference; lastKnownFileType = folder.assetcatalog; path = DesktopAssets.xcassets; sourceTree = "<group>"; };
		B0EB72FA216E69AB0098CF27 /* Base */ = {isa = PBXFileReference; lastKnownFileType = file.storyboard; name = Base; path = Base.lproj/Main.storyboard; sourceTree = "<group>"; };
		B0EB72FC216E69AB0098CF27 /* Info.plist */ = {isa = PBXFileReference; lastKnownFileType = text.plist.xml; path = Info.plist; sourceTree = "<group>"; };
		B0EB72FD216E69AB0098CF27 /* main.m */ = {isa = PBXFileReference; lastKnownFileType = sourcecode.c.objc; path = main.m; sourceTree = "<group>"; };
		B0EB72FF216E69AB0098CF27 /* DesktopShim.entitlements */ = {isa = PBXFileReference; lastKnownFileType = text.plist.entitlements; path = DesktopShim.entitlements; sourceTree = "<group>"; };
		B0EB7305216E6C380098CF27 /* FaceScene.h */ = {isa = PBXFileReference; lastKnownFileType = sourcecode.c.h; path = FaceScene.h; sourceTree = "<group>"; };
		B0EB7306216E6C380098CF27 /* FaceScene.m */ = {isa = PBXFileReference; lastKnownFileType = sourcecode.c.objc; path = FaceScene.m; sourceTree = "<group>"; };
		B0F66DDA2173727500058F22 /* en */ = {isa = PBXFileReference; lastKnownFileType = text.plist.strings; name = en; path = en.lproj/InfoPlist.strings; sourceTree = "<group>"; };
/* End PBXFileReference section */

/* Begin PBXFrameworksBuildPhase section */
		B0D30ACD216D5B2500444765 /* Frameworks */ = {
			isa = PBXFrameworksBuildPhase;
			buildActionMask = 2147483647;
			files = (
			);
			runOnlyForDeploymentPostprocessing = 0;
		};
		B0D30AF2216D5B2700444765 /* Frameworks */ = {
			isa = PBXFrameworksBuildPhase;
			buildActionMask = 2147483647;
			files = (
			);
			runOnlyForDeploymentPostprocessing = 0;
		};
		B0EB72E5216E69AA0098CF27 /* Frameworks */ = {
			isa = PBXFrameworksBuildPhase;
			buildActionMask = 2147483647;
			files = (
			);
			runOnlyForDeploymentPostprocessing = 0;
		};
/* End PBXFrameworksBuildPhase section */

/* Begin PBXGroup section */
		B0D30AC7216D5B2500444765 = {
			isa = PBXGroup;
			children = (
				B0EB72E3216E3C350098CF27 /* README.md */,
				B0D30AD2216D5B2500444765 /* SpriteKitWatchFace */,
				B0D30AEA216D5B2700444765 /* SpriteKitWatchFace WatchKit App */,
				B0D30AF9216D5B2700444765 /* SpriteKitWatchFace WatchKit Extension */,
				B0EB72E9216E69AA0098CF27 /* DesktopShim */,
				B0D30AD1216D5B2500444765 /* Products */,
			);
			sourceTree = "<group>";
		};
		B0D30AD1216D5B2500444765 /* Products */ = {
			isa = PBXGroup;
			children = (
				B0D30AD0216D5B2500444765 /* SpriteKitWatchFace.app */,
				B0D30AE6216D5B2700444765 /* SpriteKitWatchFace WatchKit App.app */,
				B0D30AF5216D5B2700444765 /* SpriteKitWatchFace WatchKit Extension.appex */,
				B0EB72E8216E69AA0098CF27 /* DesktopShim.app */,
			);
			name = Products;
			sourceTree = "<group>";
		};
		B0D30AD2216D5B2500444765 /* SpriteKitWatchFace */ = {
			isa = PBXGroup;
			children = (
				B0D30AD3216D5B2500444765 /* AppDelegate.h */,
				B0D30AD4216D5B2500444765 /* AppDelegate.m */,
				B0D30AD6216D5B2500444765 /* ViewController.h */,
				B0D30AD7216D5B2500444765 /* ViewController.m */,
				B0D30AD9216D5B2500444765 /* Main.storyboard */,
				B0D30ADC216D5B2700444765 /* MobileAssets.xcassets */,
				B0D30ADE216D5B2700444765 /* LaunchScreen.storyboard */,
				B0D30AE1216D5B2700444765 /* Info.plist */,
				B0F66DDB2173727500058F22 /* InfoPlist.strings */,
				B0D30AE2216D5B2700444765 /* main.m */,
			);
			path = SpriteKitWatchFace;
			sourceTree = "<group>";
		};
		B0D30AEA216D5B2700444765 /* SpriteKitWatchFace WatchKit App */ = {
			isa = PBXGroup;
			children = (
				B0D30AEB216D5B2700444765 /* Interface.storyboard */,
				B0D30AEE216D5B2700444765 /* NanoIconAssets.xcassets */,
				B0D30AF0216D5B2700444765 /* Info.plist */,
			);
			path = "SpriteKitWatchFace WatchKit App";
			sourceTree = "<group>";
		};
		B0D30AF9216D5B2700444765 /* SpriteKitWatchFace WatchKit Extension */ = {
			isa = PBXGroup;
			children = (
				B0EB7305216E6C380098CF27 /* FaceScene.h */,
				B0EB7306216E6C380098CF27 /* FaceScene.m */,
				B0D30AFA216D5B2700444765 /* InterfaceController.h */,
				B0D30AFB216D5B2700444765 /* InterfaceController.m */,
				B0D30AFD216D5B2700444765 /* ExtensionDelegate.h */,
				B0D30AFE216D5B2700444765 /* ExtensionDelegate.m */,
				B0D30B13216D5C6A00444765 /* FaceScene.sks */,
				B0D30B00216D5B2800444765 /* NanoAssets.xcassets */,
				B0D30B02216D5B2800444765 /* Info.plist */,
			);
			path = "SpriteKitWatchFace WatchKit Extension";
			sourceTree = "<group>";
		};
		B0EB72E9216E69AA0098CF27 /* DesktopShim */ = {
			isa = PBXGroup;
			children = (
				B0EB72EA216E69AA0098CF27 /* AppDelegate.h */,
				B0EB72EB216E69AA0098CF27 /* AppDelegate.m */,
				B0EB72F4216E69AA0098CF27 /* ViewController.h */,
				B0EB72F5216E69AA0098CF27 /* ViewController.m */,
				B0D4F2B52172164B00F497E0 /* FaceWindow.h */,
				B0D4F2B62172164B00F497E0 /* FaceWindow.m */,
				B0EB72F7216E69AB0098CF27 /* DesktopAssets.xcassets */,
				B0EB72F9216E69AB0098CF27 /* Main.storyboard */,
				B0EB72FC216E69AB0098CF27 /* Info.plist */,
				B0EB72FD216E69AB0098CF27 /* main.m */,
				B0EB72FF216E69AB0098CF27 /* DesktopShim.entitlements */,
			);
			path = DesktopShim;
			sourceTree = "<group>";
		};
/* End PBXGroup section */

/* Begin PBXNativeTarget section */
		B0D30ACF216D5B2500444765 /* SpriteKitWatchFace */ = {
			isa = PBXNativeTarget;
			buildConfigurationList = B0D30B0D216D5B2800444765 /* Build configuration list for PBXNativeTarget "SpriteKitWatchFace" */;
			buildPhases = (
				B0D30ACC216D5B2500444765 /* Sources */,
				B0D30ACD216D5B2500444765 /* Frameworks */,
				B0D30ACE216D5B2500444765 /* Resources */,
				B0D30B0C216D5B2800444765 /* Embed Watch Content */,
				B066722F2171171E00FC149F /* Increment Build Number */,
			);
			buildRules = (
			);
			dependencies = (
				B0D30AE9216D5B2700444765 /* PBXTargetDependency */,
			);
			name = SpriteKitWatchFace;
			productName = SpriteKitWatchFace;
			productReference = B0D30AD0216D5B2500444765 /* SpriteKitWatchFace.app */;
			productType = "com.apple.product-type.application";
		};
		B0D30AE5216D5B2700444765 /* SpriteKitWatchFace WatchKit App */ = {
			isa = PBXNativeTarget;
			buildConfigurationList = B0D30B09216D5B2800444765 /* Build configuration list for PBXNativeTarget "SpriteKitWatchFace WatchKit App" */;
			buildPhases = (
				B0D30AE4216D5B2700444765 /* Resources */,
				B0D30B08216D5B2800444765 /* Embed App Extensions */,
				B06672312171174800FC149F /* Increment Build Number */,
			);
			buildRules = (
			);
			dependencies = (
				B0D30AF8216D5B2700444765 /* PBXTargetDependency */,
			);
			name = "SpriteKitWatchFace WatchKit App";
			productName = "SpriteKitWatchFace WatchKit App";
			productReference = B0D30AE6216D5B2700444765 /* SpriteKitWatchFace WatchKit App.app */;
			productType = "com.apple.product-type.application.watchapp2";
		};
		B0D30AF4216D5B2700444765 /* SpriteKitWatchFace WatchKit Extension */ = {
			isa = PBXNativeTarget;
			buildConfigurationList = B0D30B05216D5B2800444765 /* Build configuration list for PBXNativeTarget "SpriteKitWatchFace WatchKit Extension" */;
			buildPhases = (
				B0D30AF1216D5B2700444765 /* Sources */,
				B0D30AF2216D5B2700444765 /* Frameworks */,
				B0D30AF3216D5B2700444765 /* Resources */,
				B06672322171177F00FC149F /* Increment Build Number */,
			);
			buildRules = (
			);
			dependencies = (
			);
			name = "SpriteKitWatchFace WatchKit Extension";
			productName = "SpriteKitWatchFace WatchKit Extension";
			productReference = B0D30AF5216D5B2700444765 /* SpriteKitWatchFace WatchKit Extension.appex */;
			productType = "com.apple.product-type.watchkit2-extension";
		};
		B0EB72E7216E69AA0098CF27 /* DesktopShim */ = {
			isa = PBXNativeTarget;
			buildConfigurationList = B0EB7300216E69AB0098CF27 /* Build configuration list for PBXNativeTarget "DesktopShim" */;
			buildPhases = (
				B0EB72E4216E69AA0098CF27 /* Sources */,
				B0EB72E5216E69AA0098CF27 /* Frameworks */,
				B0EB72E6216E69AA0098CF27 /* Resources */,
			);
			buildRules = (
			);
			dependencies = (
			);
			name = DesktopShim;
			productName = DesktopShim;
			productReference = B0EB72E8216E69AA0098CF27 /* DesktopShim.app */;
			productType = "com.apple.product-type.application";
		};
/* End PBXNativeTarget section */

/* Begin PBXProject section */
		B0D30AC8216D5B2500444765 /* Project object */ = {
			isa = PBXProject;
			attributes = {
				LastUpgradeCheck = 1000;
				ORGANIZATIONNAME = "Steven Troughton-Smith";
				TargetAttributes = {
					B0D30ACF216D5B2500444765 = {
						CreatedOnToolsVersion = 10.0;
					};
					B0D30AE5216D5B2700444765 = {
						CreatedOnToolsVersion = 10.0;
					};
					B0D30AF4216D5B2700444765 = {
						CreatedOnToolsVersion = 10.0;
					};
					B0EB72E7216E69AA0098CF27 = {
						CreatedOnToolsVersion = 10.0;
					};
				};
			};
			buildConfigurationList = B0D30ACB216D5B2500444765 /* Build configuration list for PBXProject "SpriteKitWatchFace" */;
			compatibilityVersion = "Xcode 9.3";
			developmentRegion = en;
			hasScannedForEncodings = 0;
			knownRegions = (
				en,
				Base,
			);
			mainGroup = B0D30AC7216D5B2500444765;
			productRefGroup = B0D30AD1216D5B2500444765 /* Products */;
			projectDirPath = "";
			projectRoot = "";
			targets = (
				B0D30ACF216D5B2500444765 /* SpriteKitWatchFace */,
				B0D30AE5216D5B2700444765 /* SpriteKitWatchFace WatchKit App */,
				B0D30AF4216D5B2700444765 /* SpriteKitWatchFace WatchKit Extension */,
				B0EB72E7216E69AA0098CF27 /* DesktopShim */,
			);
		};
/* End PBXProject section */

/* Begin PBXResourcesBuildPhase section */
		B0D30ACE216D5B2500444765 /* Resources */ = {
			isa = PBXResourcesBuildPhase;
			buildActionMask = 2147483647;
			files = (
				B0D30AE0216D5B2700444765 /* LaunchScreen.storyboard in Resources */,
				B0F66DD72173727500058F22 /* InfoPlist.strings in Resources */,
				B0DEB03D2172C6E00087FA94 /* FaceScene.sks in Resources */,
				B0D30ADD216D5B2700444765 /* MobileAssets.xcassets in Resources */,
				B0D30ADB216D5B2500444765 /* Main.storyboard in Resources */,
				B0DEB03E2172C6E50087FA94 /* NanoAssets.xcassets in Resources */,
			);
			runOnlyForDeploymentPostprocessing = 0;
		};
		B0D30AE4216D5B2700444765 /* Resources */ = {
			isa = PBXResourcesBuildPhase;
			buildActionMask = 2147483647;
			files = (
				B0D30AEF216D5B2700444765 /* NanoIconAssets.xcassets in Resources */,
				B0F66DD82173727500058F22 /* InfoPlist.strings in Resources */,
				B0D30AED216D5B2700444765 /* Interface.storyboard in Resources */,
			);
			runOnlyForDeploymentPostprocessing = 0;
		};
		B0D30AF3216D5B2700444765 /* Resources */ = {
			isa = PBXResourcesBuildPhase;
			buildActionMask = 2147483647;
			files = (
				B0D30B01216D5B2800444765 /* NanoAssets.xcassets in Resources */,
				B0D30B14216D5C6A00444765 /* FaceScene.sks in Resources */,
			);
			runOnlyForDeploymentPostprocessing = 0;
		};
		B0EB72E6216E69AA0098CF27 /* Resources */ = {
			isa = PBXResourcesBuildPhase;
			buildActionMask = 2147483647;
			files = (
				B0EB72F8216E69AB0098CF27 /* DesktopAssets.xcassets in Resources */,
				B0EB72FB216E69AB0098CF27 /* Main.storyboard in Resources */,
				B0EB7304216E69C40098CF27 /* NanoAssets.xcassets in Resources */,
				B0EB7303216E69C00098CF27 /* FaceScene.sks in Resources */,
				B0F66DD92173727500058F22 /* InfoPlist.strings in Resources */,
			);
			runOnlyForDeploymentPostprocessing = 0;
		};
/* End PBXResourcesBuildPhase section */

/* Begin PBXShellScriptBuildPhase section */
		B066722F2171171E00FC149F /* Increment Build Number */ = {
			isa = PBXShellScriptBuildPhase;
			buildActionMask = 2147483647;
			files = (
			);
			inputFileListPaths = (
			);
			inputPaths = (
			);
			name = "Increment Build Number";
			outputFileListPaths = (
			);
			outputPaths = (
			);
			runOnlyForDeploymentPostprocessing = 0;
			shellPath = /bin/sh;
			shellScript = "buildNumber=$(/usr/libexec/PlistBuddy -c \"Print CFBundleVersion\" \"${PROJECT_DIR}/${INFOPLIST_FILE}\")\nbuildNumber=$(($buildNumber + 1))\n/usr/libexec/PlistBuddy -c \"Set :CFBundleVersion $buildNumber\" \"${PROJECT_DIR}/${INFOPLIST_FILE}\"\n";
		};
		B06672312171174800FC149F /* Increment Build Number */ = {
			isa = PBXShellScriptBuildPhase;
			buildActionMask = 2147483647;
			files = (
			);
			inputFileListPaths = (
			);
			inputPaths = (
			);
			name = "Increment Build Number";
			outputFileListPaths = (
			);
			outputPaths = (
			);
			runOnlyForDeploymentPostprocessing = 0;
			shellPath = /bin/sh;
			shellScript = "buildNumber=$(/usr/libexec/PlistBuddy -c \"Print CFBundleVersion\" \"${PROJECT_DIR}/${INFOPLIST_FILE}\")\nbuildNumber=$(($buildNumber + 1))\n/usr/libexec/PlistBuddy -c \"Set :CFBundleVersion $buildNumber\" \"${PROJECT_DIR}/${INFOPLIST_FILE}\"\n";
		};
		B06672322171177F00FC149F /* Increment Build Number */ = {
			isa = PBXShellScriptBuildPhase;
			buildActionMask = 2147483647;
			files = (
			);
			inputFileListPaths = (
			);
			inputPaths = (
			);
			name = "Increment Build Number";
			outputFileListPaths = (
			);
			outputPaths = (
			);
			runOnlyForDeploymentPostprocessing = 0;
			shellPath = /bin/sh;
			shellScript = "buildNumber=$(/usr/libexec/PlistBuddy -c \"Print CFBundleVersion\" \"${PROJECT_DIR}/${INFOPLIST_FILE}\")\nbuildNumber=$(($buildNumber + 1))\n/usr/libexec/PlistBuddy -c \"Set :CFBundleVersion $buildNumber\" \"${PROJECT_DIR}/${INFOPLIST_FILE}\"\n";
		};
/* End PBXShellScriptBuildPhase section */

/* Begin PBXSourcesBuildPhase section */
		B0D30ACC216D5B2500444765 /* Sources */ = {
			isa = PBXSourcesBuildPhase;
			buildActionMask = 2147483647;
			files = (
				B0D30AD8216D5B2500444765 /* ViewController.m in Sources */,
				B0D30AE3216D5B2700444765 /* main.m in Sources */,
				B0D30AD5216D5B2500444765 /* AppDelegate.m in Sources */,
				B0DEB03C2172C64E0087FA94 /* FaceScene.m in Sources */,
			);
			runOnlyForDeploymentPostprocessing = 0;
		};
		B0D30AF1216D5B2700444765 /* Sources */ = {
			isa = PBXSourcesBuildPhase;
			buildActionMask = 2147483647;
			files = (
				B0D30AFF216D5B2700444765 /* ExtensionDelegate.m in Sources */,
				B0EB7307216E6C380098CF27 /* FaceScene.m in Sources */,
				B0D30AFC216D5B2700444765 /* InterfaceController.m in Sources */,
			);
			runOnlyForDeploymentPostprocessing = 0;
		};
		B0EB72E4216E69AA0098CF27 /* Sources */ = {
			isa = PBXSourcesBuildPhase;
			buildActionMask = 2147483647;
			files = (
				B0EB72F6216E69AA0098CF27 /* ViewController.m in Sources */,
				B0D4F2B72172164B00F497E0 /* FaceWindow.m in Sources */,
				B0EB72FE216E69AB0098CF27 /* main.m in Sources */,
				B0EB72EC216E69AA0098CF27 /* AppDelegate.m in Sources */,
				B0EB7308216E6C380098CF27 /* FaceScene.m in Sources */,
			);
			runOnlyForDeploymentPostprocessing = 0;
		};
/* End PBXSourcesBuildPhase section */

/* Begin PBXTargetDependency section */
		B0D30AE9216D5B2700444765 /* PBXTargetDependency */ = {
			isa = PBXTargetDependency;
			target = B0D30AE5216D5B2700444765 /* SpriteKitWatchFace WatchKit App */;
			targetProxy = B0D30AE8216D5B2700444765 /* PBXContainerItemProxy */;
		};
		B0D30AF8216D5B2700444765 /* PBXTargetDependency */ = {
			isa = PBXTargetDependency;
			target = B0D30AF4216D5B2700444765 /* SpriteKitWatchFace WatchKit Extension */;
			targetProxy = B0D30AF7216D5B2700444765 /* PBXContainerItemProxy */;
		};
/* End PBXTargetDependency section */

/* Begin PBXVariantGroup section */
		B0D30AD9216D5B2500444765 /* Main.storyboard */ = {
			isa = PBXVariantGroup;
			children = (
				B0D30ADA216D5B2500444765 /* Base */,
			);
			name = Main.storyboard;
			sourceTree = "<group>";
		};
		B0D30ADE216D5B2700444765 /* LaunchScreen.storyboard */ = {
			isa = PBXVariantGroup;
			children = (
				B0D30ADF216D5B2700444765 /* Base */,
			);
			name = LaunchScreen.storyboard;
			sourceTree = "<group>";
		};
		B0D30AEB216D5B2700444765 /* Interface.storyboard */ = {
			isa = PBXVariantGroup;
			children = (
				B0D30AEC216D5B2700444765 /* Base */,
			);
			name = Interface.storyboard;
			sourceTree = "<group>";
		};
		B0EB72F9216E69AB0098CF27 /* Main.storyboard */ = {
			isa = PBXVariantGroup;
			children = (
				B0EB72FA216E69AB0098CF27 /* Base */,
			);
			name = Main.storyboard;
			sourceTree = "<group>";
		};
		B0F66DDB2173727500058F22 /* InfoPlist.strings */ = {
			isa = PBXVariantGroup;
			children = (
				B0F66DDA2173727500058F22 /* en */,
			);
			name = InfoPlist.strings;
			sourceTree = "<group>";
		};
/* End PBXVariantGroup section */

/* Begin XCBuildConfiguration section */
		B0D30B03216D5B2800444765 /* Debug */ = {
			isa = XCBuildConfiguration;
			buildSettings = {
				ALWAYS_SEARCH_USER_PATHS = NO;
				CLANG_ANALYZER_NONNULL = YES;
				CLANG_ANALYZER_NUMBER_OBJECT_CONVERSION = YES_AGGRESSIVE;
				CLANG_CXX_LANGUAGE_STANDARD = "gnu++14";
				CLANG_CXX_LIBRARY = "libc++";
				CLANG_ENABLE_MODULES = YES;
				CLANG_ENABLE_OBJC_ARC = YES;
				CLANG_ENABLE_OBJC_WEAK = YES;
				CLANG_WARN_BLOCK_CAPTURE_AUTORELEASING = YES;
				CLANG_WARN_BOOL_CONVERSION = YES;
				CLANG_WARN_COMMA = YES;
				CLANG_WARN_CONSTANT_CONVERSION = YES;
				CLANG_WARN_DEPRECATED_OBJC_IMPLEMENTATIONS = YES;
				CLANG_WARN_DIRECT_OBJC_ISA_USAGE = YES_ERROR;
				CLANG_WARN_DOCUMENTATION_COMMENTS = YES;
				CLANG_WARN_EMPTY_BODY = YES;
				CLANG_WARN_ENUM_CONVERSION = YES;
				CLANG_WARN_INFINITE_RECURSION = YES;
				CLANG_WARN_INT_CONVERSION = YES;
				CLANG_WARN_NON_LITERAL_NULL_CONVERSION = YES;
				CLANG_WARN_OBJC_IMPLICIT_RETAIN_SELF = YES;
				CLANG_WARN_OBJC_LITERAL_CONVERSION = YES;
				CLANG_WARN_OBJC_ROOT_CLASS = YES_ERROR;
				CLANG_WARN_RANGE_LOOP_ANALYSIS = YES;
				CLANG_WARN_STRICT_PROTOTYPES = YES;
				CLANG_WARN_SUSPICIOUS_MOVE = YES;
				CLANG_WARN_UNGUARDED_AVAILABILITY = YES_AGGRESSIVE;
				CLANG_WARN_UNREACHABLE_CODE = YES;
				CLANG_WARN__DUPLICATE_METHOD_MATCH = YES;
				CODE_SIGN_IDENTITY = "iPhone Developer";
				COPY_PHASE_STRIP = NO;
				DEBUG_INFORMATION_FORMAT = dwarf;
				ENABLE_STRICT_OBJC_MSGSEND = YES;
				ENABLE_TESTABILITY = YES;
				GCC_C_LANGUAGE_STANDARD = gnu11;
				GCC_DYNAMIC_NO_PIC = NO;
				GCC_NO_COMMON_BLOCKS = YES;
				GCC_OPTIMIZATION_LEVEL = 0;
				GCC_PREPROCESSOR_DEFINITIONS = (
					"DEBUG=1",
					"$(inherited)",
				);
				GCC_WARN_64_TO_32_BIT_CONVERSION = YES;
				GCC_WARN_ABOUT_RETURN_TYPE = YES_ERROR;
				GCC_WARN_UNDECLARED_SELECTOR = YES;
				GCC_WARN_UNINITIALIZED_AUTOS = YES_AGGRESSIVE;
				GCC_WARN_UNUSED_FUNCTION = YES;
				GCC_WARN_UNUSED_VARIABLE = YES;
				IPHONEOS_DEPLOYMENT_TARGET = 12.0;
				MTL_ENABLE_DEBUG_INFO = INCLUDE_SOURCE;
				MTL_FAST_MATH = YES;
				ONLY_ACTIVE_ARCH = YES;
				SDKROOT = iphoneos;
			};
			name = Debug;
		};
		B0D30B04216D5B2800444765 /* Release */ = {
			isa = XCBuildConfiguration;
			buildSettings = {
				ALWAYS_SEARCH_USER_PATHS = NO;
				CLANG_ANALYZER_NONNULL = YES;
				CLANG_ANALYZER_NUMBER_OBJECT_CONVERSION = YES_AGGRESSIVE;
				CLANG_CXX_LANGUAGE_STANDARD = "gnu++14";
				CLANG_CXX_LIBRARY = "libc++";
				CLANG_ENABLE_MODULES = YES;
				CLANG_ENABLE_OBJC_ARC = YES;
				CLANG_ENABLE_OBJC_WEAK = YES;
				CLANG_WARN_BLOCK_CAPTURE_AUTORELEASING = YES;
				CLANG_WARN_BOOL_CONVERSION = YES;
				CLANG_WARN_COMMA = YES;
				CLANG_WARN_CONSTANT_CONVERSION = YES;
				CLANG_WARN_DEPRECATED_OBJC_IMPLEMENTATIONS = YES;
				CLANG_WARN_DIRECT_OBJC_ISA_USAGE = YES_ERROR;
				CLANG_WARN_DOCUMENTATION_COMMENTS = YES;
				CLANG_WARN_EMPTY_BODY = YES;
				CLANG_WARN_ENUM_CONVERSION = YES;
				CLANG_WARN_INFINITE_RECURSION = YES;
				CLANG_WARN_INT_CONVERSION = YES;
				CLANG_WARN_NON_LITERAL_NULL_CONVERSION = YES;
				CLANG_WARN_OBJC_IMPLICIT_RETAIN_SELF = YES;
				CLANG_WARN_OBJC_LITERAL_CONVERSION = YES;
				CLANG_WARN_OBJC_ROOT_CLASS = YES_ERROR;
				CLANG_WARN_RANGE_LOOP_ANALYSIS = YES;
				CLANG_WARN_STRICT_PROTOTYPES = YES;
				CLANG_WARN_SUSPICIOUS_MOVE = YES;
				CLANG_WARN_UNGUARDED_AVAILABILITY = YES_AGGRESSIVE;
				CLANG_WARN_UNREACHABLE_CODE = YES;
				CLANG_WARN__DUPLICATE_METHOD_MATCH = YES;
				CODE_SIGN_IDENTITY = "iPhone Developer";
				COPY_PHASE_STRIP = NO;
				DEBUG_INFORMATION_FORMAT = "dwarf-with-dsym";
				ENABLE_NS_ASSERTIONS = NO;
				ENABLE_STRICT_OBJC_MSGSEND = YES;
				GCC_C_LANGUAGE_STANDARD = gnu11;
				GCC_NO_COMMON_BLOCKS = YES;
				GCC_WARN_64_TO_32_BIT_CONVERSION = YES;
				GCC_WARN_ABOUT_RETURN_TYPE = YES_ERROR;
				GCC_WARN_UNDECLARED_SELECTOR = YES;
				GCC_WARN_UNINITIALIZED_AUTOS = YES_AGGRESSIVE;
				GCC_WARN_UNUSED_FUNCTION = YES;
				GCC_WARN_UNUSED_VARIABLE = YES;
				IPHONEOS_DEPLOYMENT_TARGET = 12.0;
				MTL_ENABLE_DEBUG_INFO = NO;
				MTL_FAST_MATH = YES;
				SDKROOT = iphoneos;
				VALIDATE_PRODUCT = YES;
			};
			name = Release;
		};
		B0D30B06216D5B2800444765 /* Debug */ = {
			isa = XCBuildConfiguration;
			buildSettings = {
				ASSETCATALOG_COMPILER_COMPLICATION_NAME = Complication;
				CODE_SIGN_STYLE = Automatic;
				DEVELOPMENT_TEAM = 2ZDN69KUUV;
				INFOPLIST_FILE = "SpriteKitWatchFace WatchKit Extension/Info.plist";
				LD_RUNPATH_SEARCH_PATHS = (
					"$(inherited)",
					"@executable_path/Frameworks",
					"@executable_path/../../Frameworks",
				);
				PRODUCT_BUNDLE_IDENTIFIER = com.highcaffeinecontent.SpriteKitWatchFace.watchkitapp.watchkitextension;
				PRODUCT_NAME = "${TARGET_NAME}";
				SDKROOT = watchos;
				SKIP_INSTALL = YES;
				TARGETED_DEVICE_FAMILY = 4;
				WATCHOS_DEPLOYMENT_TARGET = 4.3;
			};
			name = Debug;
		};
		B0D30B07216D5B2800444765 /* Release */ = {
			isa = XCBuildConfiguration;
			buildSettings = {
				ASSETCATALOG_COMPILER_COMPLICATION_NAME = Complication;
				CODE_SIGN_STYLE = Automatic;
				DEVELOPMENT_TEAM = 2ZDN69KUUV;
				INFOPLIST_FILE = "SpriteKitWatchFace WatchKit Extension/Info.plist";
				LD_RUNPATH_SEARCH_PATHS = (
					"$(inherited)",
					"@executable_path/Frameworks",
					"@executable_path/../../Frameworks",
				);
				PRODUCT_BUNDLE_IDENTIFIER = com.highcaffeinecontent.SpriteKitWatchFace.watchkitapp.watchkitextension;
				PRODUCT_NAME = "${TARGET_NAME}";
				SDKROOT = watchos;
				SKIP_INSTALL = YES;
				TARGETED_DEVICE_FAMILY = 4;
				WATCHOS_DEPLOYMENT_TARGET = 4.3;
			};
			name = Release;
		};
		B0D30B0A216D5B2800444765 /* Debug */ = {
			isa = XCBuildConfiguration;
			buildSettings = {
				ASSETCATALOG_COMPILER_APPICON_NAME = AppIcon;
				CODE_SIGN_STYLE = Automatic;
				DEVELOPMENT_TEAM = 2ZDN69KUUV;
				IBSC_MODULE = SpriteKitWatchFace_WatchKit_Extension;
				INFOPLIST_FILE = "SpriteKitWatchFace WatchKit App/Info.plist";
				PRODUCT_BUNDLE_IDENTIFIER = com.highcaffeinecontent.SpriteKitWatchFace.watchkitapp;
				PRODUCT_NAME = "$(TARGET_NAME)";
				SDKROOT = watchos;
				SKIP_INSTALL = NO;
				TARGETED_DEVICE_FAMILY = 4;
				WATCHOS_DEPLOYMENT_TARGET = 4.3;
			};
			name = Debug;
		};
		B0D30B0B216D5B2800444765 /* Release */ = {
			isa = XCBuildConfiguration;
			buildSettings = {
				ASSETCATALOG_COMPILER_APPICON_NAME = AppIcon;
				CODE_SIGN_STYLE = Automatic;
				DEVELOPMENT_TEAM = 2ZDN69KUUV;
				IBSC_MODULE = SpriteKitWatchFace_WatchKit_Extension;
				INFOPLIST_FILE = "SpriteKitWatchFace WatchKit App/Info.plist";
				PRODUCT_BUNDLE_IDENTIFIER = com.highcaffeinecontent.SpriteKitWatchFace.watchkitapp;
				PRODUCT_NAME = "$(TARGET_NAME)";
				SDKROOT = watchos;
				SKIP_INSTALL = NO;
				TARGETED_DEVICE_FAMILY = 4;
				WATCHOS_DEPLOYMENT_TARGET = 4.3;
			};
			name = Release;
		};
		B0D30B0E216D5B2800444765 /* Debug */ = {
			isa = XCBuildConfiguration;
			buildSettings = {
				ASSETCATALOG_COMPILER_APPICON_NAME = AppIcon;
				CODE_SIGN_STYLE = Automatic;
				DEVELOPMENT_TEAM = 2ZDN69KUUV;
				INFOPLIST_FILE = SpriteKitWatchFace/Info.plist;
				LD_RUNPATH_SEARCH_PATHS = (
					"$(inherited)",
					"@executable_path/Frameworks",
				);
				PRODUCT_BUNDLE_IDENTIFIER = com.highcaffeinecontent.SpriteKitWatchFace;
				PRODUCT_NAME = "$(TARGET_NAME)";
				TARGETED_DEVICE_FAMILY = "1,2";
			};
			name = Debug;
		};
		B0D30B0F216D5B2800444765 /* Release */ = {
			isa = XCBuildConfiguration;
			buildSettings = {
				ASSETCATALOG_COMPILER_APPICON_NAME = AppIcon;
				CODE_SIGN_STYLE = Automatic;
				DEVELOPMENT_TEAM = 2ZDN69KUUV;
				INFOPLIST_FILE = SpriteKitWatchFace/Info.plist;
				LD_RUNPATH_SEARCH_PATHS = (
					"$(inherited)",
					"@executable_path/Frameworks",
				);
				PRODUCT_BUNDLE_IDENTIFIER = com.highcaffeinecontent.SpriteKitWatchFace;
				PRODUCT_NAME = "$(TARGET_NAME)";
				TARGETED_DEVICE_FAMILY = "1,2";
			};
			name = Release;
		};
		B0EB7301216E69AB0098CF27 /* Debug */ = {
			isa = XCBuildConfiguration;
			buildSettings = {
				ASSETCATALOG_COMPILER_APPICON_NAME = AppIcon;
				CODE_SIGN_ENTITLEMENTS = DesktopShim/DesktopShim.entitlements;
				CODE_SIGN_IDENTITY = "Mac Developer";
				CODE_SIGN_STYLE = Automatic;
				COMBINE_HIDPI_IMAGES = YES;
				DEVELOPMENT_TEAM = 2ZDN69KUUV;
				INFOPLIST_FILE = DesktopShim/Info.plist;
				LD_RUNPATH_SEARCH_PATHS = (
					"$(inherited)",
					"@executable_path/../Frameworks",
				);
				MACOSX_DEPLOYMENT_TARGET = 10.14;
				PRODUCT_BUNDLE_IDENTIFIER = com.highcaffeinecontent.SKWFDesktopShim;
				PRODUCT_NAME = "$(TARGET_NAME)";
				SDKROOT = macosx;
			};
			name = Debug;
		};
		B0EB7302216E69AB0098CF27 /* Release */ = {
			isa = XCBuildConfiguration;
			buildSettings = {
				ASSETCATALOG_COMPILER_APPICON_NAME = AppIcon;
				CODE_SIGN_ENTITLEMENTS = DesktopShim/DesktopShim.entitlements;
				CODE_SIGN_IDENTITY = "Mac Developer";
				CODE_SIGN_STYLE = Automatic;
				COMBINE_HIDPI_IMAGES = YES;
				DEVELOPMENT_TEAM = 2ZDN69KUUV;
				INFOPLIST_FILE = DesktopShim/Info.plist;
				LD_RUNPATH_SEARCH_PATHS = (
					"$(inherited)",
					"@executable_path/../Frameworks",
				);
				MACOSX_DEPLOYMENT_TARGET = 10.13;
				PRODUCT_BUNDLE_IDENTIFIER = com.highcaffeinecontent.SKWFDesktopShim;
				PRODUCT_NAME = "$(TARGET_NAME)";
				SDKROOT = macosx;
			};
			name = Release;
		};
/* End XCBuildConfiguration section */

/* Begin XCConfigurationList section */
		B0D30ACB216D5B2500444765 /* Build configuration list for PBXProject "SpriteKitWatchFace" */ = {
			isa = XCConfigurationList;
			buildConfigurations = (
				B0D30B03216D5B2800444765 /* Debug */,
				B0D30B04216D5B2800444765 /* Release */,
			);
			defaultConfigurationIsVisible = 0;
			defaultConfigurationName = Release;
		};
		B0D30B05216D5B2800444765 /* Build configuration list for PBXNativeTarget "SpriteKitWatchFace WatchKit Extension" */ = {
			isa = XCConfigurationList;
			buildConfigurations = (
				B0D30B06216D5B2800444765 /* Debug */,
				B0D30B07216D5B2800444765 /* Release */,
			);
			defaultConfigurationIsVisible = 0;
			defaultConfigurationName = Release;
		};
		B0D30B09216D5B2800444765 /* Build configuration list for PBXNativeTarget "SpriteKitWatchFace WatchKit App" */ = {
			isa = XCConfigurationList;
			buildConfigurations = (
				B0D30B0A216D5B2800444765 /* Debug */,
				B0D30B0B216D5B2800444765 /* Release */,
			);
			defaultConfigurationIsVisible = 0;
			defaultConfigurationName = Release;
		};
		B0D30B0D216D5B2800444765 /* Build configuration list for PBXNativeTarget "SpriteKitWatchFace" */ = {
			isa = XCConfigurationList;
			buildConfigurations = (
				B0D30B0E216D5B2800444765 /* Debug */,
				B0D30B0F216D5B2800444765 /* Release */,
			);
			defaultConfigurationIsVisible = 0;
			defaultConfigurationName = Release;
		};
		B0EB7300216E69AB0098CF27 /* Build configuration list for PBXNativeTarget "DesktopShim" */ = {
			isa = XCConfigurationList;
			buildConfigurations = (
				B0EB7301216E69AB0098CF27 /* Debug */,
				B0EB7302216E69AB0098CF27 /* Release */,
			);
			defaultConfigurationIsVisible = 0;
			defaultConfigurationName = Release;
		};
/* End XCConfigurationList section */
	};
	rootObject = B0D30AC8216D5B2500444765 /* Project object */;
}
